lockfile_version: '1'
generated_at: '2026-06-26T07:23:48.059954+00:00'
apm_version: 0.21.0
dependencies:
- repo_url: dotnet/skills
  host: github.com
  resolved_commit: 11c5dfc7380ac6a1ac45dd94939fd84d486c3ea7
  virtual_path: plugins/dotnet
  is_virtual: true
  package_type: marketplace_plugin
  deployed_files:
  - .claude/skills/csharp-scripts
  - .claude/skills/csharp-scripts/SKILL.md
  - .claude/skills/dotnet-pinvoke
  - .claude/skills/dotnet-pinvoke/SKILL.md
  - .claude/skills/dotnet-pinvoke/references/diagnostics.md
  - .claude/skills/dotnet-pinvoke/references/type-mapping.md
  - .claude/skills/nuget-trusted-publishing
  - .claude/skills/nuget-trusted-publishing/SKILL.md
  - .claude/skills/nuget-trusted-publishing/references/package-types.md
  - .claude/skills/nuget-trusted-publishing/references/publish-workflow.md
  - .claude/skills/setup-local-sdk
  - .claude/skills/setup-local-sdk/SKILL.md
  deployed_file_hashes:
    .claude/skills/csharp-scripts/SKILL.md: sha256:acc0ea3c023127db9ef4be653686b543808597a252a1ab06a3754a3ae93572f9
    .claude/skills/dotnet-pinvoke/SKILL.md: sha256:6de683aad84b2fe0ac972c8fcce3589a32e064332da68e0447e22df5e95232f1
    .claude/skills/dotnet-pinvoke/references/diagnostics.md: sha256:5c3596bc66f89a20dc1216d133fda6cdcf3af951e8ce41bc35c4fc90861528a7
    .claude/skills/dotnet-pinvoke/references/type-mapping.md: sha256:b8987c9264dc44704dbfdcfe8071f702c7d976cf3aabb6b686850df600c36d7c
    .claude/skills/nuget-trusted-publishing/SKILL.md: sha256:e12a67e1239989a36b8835b715daf94a4223c89fbc21336bb24107f51363c3e5
    .claude/skills/nuget-trusted-publishing/references/package-types.md: sha256:f413d6ee9fc24c5b886dfcb0f7063b2bfa16bd8e6a5c938ca103ffd001b4f3b6
    .claude/skills/nuget-trusted-publishing/references/publish-workflow.md: sha256:632b8e8db22115237ce305ddbca00a41d3cbb10869f1cdc3116e329a35ab70df
    .claude/skills/setup-local-sdk/SKILL.md: sha256:6b4904db9ae950da582f85dc2f4cf2adf586776d84ce805a273edb4045f1a74e
  content_hash: sha256:e78a7288a8a46fe190aad7cbe74fc9cfcebf682f7a60d6297d05ba204acac560
  discovered_via: awesome-copilot
  marketplace_plugin_name: dotnet
- repo_url: dotnet/skills
  host: github.com
  resolved_commit: 11c5dfc7380ac6a1ac45dd94939fd84d486c3ea7
  virtual_path: plugins/dotnet-diag
  is_virtual: true
  package_type: marketplace_plugin
  deployed_files:
  - .claude/agents/optimizing-dotnet-performance.md
  - .claude/skills/analyzing-dotnet-performance
  - .claude/skills/analyzing-dotnet-performance/SKILL.md
  - .claude/skills/analyzing-dotnet-performance/references/async-patterns.md
  - .claude/skills/analyzing-dotnet-performance/references/collections-and-linq.md
  - .claude/skills/analyzing-dotnet-performance/references/critical-patterns.md
  - .claude/skills/analyzing-dotnet-performance/references/io-and-serialization.md
  - .claude/skills/analyzing-dotnet-performance/references/memory-and-strings.md
  - .claude/skills/analyzing-dotnet-performance/references/regex-patterns.md
  - .claude/skills/analyzing-dotnet-performance/references/structural-patterns.md
  - .claude/skills/android-tombstone-symbolication
  - .claude/skills/android-tombstone-symbolication/SKILL.md
  - .claude/skills/android-tombstone-symbolication/scripts/Symbolicate-Tombstone.ps1
  - .claude/skills/apple-crash-symbolication
  - .claude/skills/apple-crash-symbolication/SKILL.md
  - .claude/skills/apple-crash-symbolication/references/ips-crash-format.md
  - .claude/skills/apple-crash-symbolication/scripts/Symbolicate-Crash.ps1
  - .claude/skills/clr-activation-debugging
  - .claude/skills/clr-activation-debugging/SKILL.md
  - .claude/skills/clr-activation-debugging/references/activation-flow.md
  - .claude/skills/clr-activation-debugging/references/com-activation.md
  - .claude/skills/clr-activation-debugging/references/log-format.md
  - .claude/skills/dotnet-trace-collect
  - .claude/skills/dotnet-trace-collect/SKILL.md
  - .claude/skills/dotnet-trace-collect/references/dotnet-monitor.md
  - .claude/skills/dotnet-trace-collect/references/dotnet-trace-collect-linux.md
  - .claude/skills/dotnet-trace-collect/references/dotnet-trace-collect.md
  - .claude/skills/dotnet-trace-collect/references/perfcollect.md
  - .claude/skills/dotnet-trace-collect/references/perfview.md
  - .claude/skills/dump-collect
  - .claude/skills/dump-collect/SKILL.md
  - .claude/skills/dump-collect/references/container-dumps.md
  - .claude/skills/dump-collect/references/coreclr-dumps.md
  - .claude/skills/dump-collect/references/nativeaot-dumps.md
  - .claude/skills/microbenchmarking
  - .claude/skills/microbenchmarking/SKILL.md
  - .claude/skills/microbenchmarking/references/bdn-internals-and-tuning.md
  - .claude/skills/microbenchmarking/references/comparison-strategies.md
  - .claude/skills/microbenchmarking/references/diagnosers-and-exporters.md
  - .claude/skills/microbenchmarking/references/project-setup-and-running.md
  - .claude/skills/microbenchmarking/references/writing-benchmarks.md
  deployed_file_hashes:
    .claude/agents/optimizing-dotnet-performance.md: sha256:aeae8474777971a8e29873b132963b18ef3a76acab706473734a9a82d19c6a84
    .claude/skills/analyzing-dotnet-performance/SKILL.md: sha256:9980c08c82a1f0a961892472ea773d6b5342b080e46d92e9db3c109814e1afad
    .claude/skills/analyzing-dotnet-performance/references/async-patterns.md: sha256:18e881ff7fbddbaf8e1da84cd46f182fa81c2c2c070915286e2aba671fcd3be7
    .claude/skills/analyzing-dotnet-performance/references/collections-and-linq.md: sha256:6911129ce735bd7c232ab75fd93fe5c4c0e6ddef911c0062ae974b33c76eeddf
    .claude/skills/analyzing-dotnet-performance/references/critical-patterns.md: sha256:ac17e1301a2f997a1be552d8efc5210b9b3c1ca30c71a5d60ed6f7d03d2e8290
    .claude/skills/analyzing-dotnet-performance/references/io-and-serialization.md: sha256:a9cb85c2bbfdce1059cc8e4c102d728728b79b8cb0c1d6091076bf79bca05c89
    .claude/skills/analyzing-dotnet-performance/references/memory-and-strings.md: sha256:917ea09f0496a59a15fe5abe2cea7b6ac38cf8d85e19b730bb497d35eb387d59
    .claude/skills/analyzing-dotnet-performance/references/regex-patterns.md: sha256:cfbd9bb1a4596b8acc537ed4a58d939237441e8716d5c747175cd8bc3b840a62
    .claude/skills/analyzing-dotnet-performance/references/structural-patterns.md: sha256:ee75e7da219e1d5fcc91c728babe9978793be97e37e01a78b51cc47316ecf170
    .claude/skills/android-tombstone-symbolication/SKILL.md: sha256:3e25d754833c1a362b3d1968cc81ab75b0d1824b161c3ab9d14113a41cacbe9f
    .claude/skills/android-tombstone-symbolication/scripts/Symbolicate-Tombstone.ps1: sha256:050257edb89ce80796233ee6870bfc178c6c1ef1bb3f3ac05e4f893368acaa5a
    .claude/skills/apple-crash-symbolication/SKILL.md: sha256:c8db1d3298cb94e321c47b29fdc0a611b22716b4fc72c32442db0d717de79198
    .claude/skills/apple-crash-symbolication/references/ips-crash-format.md: sha256:df15e681730d1962b53e9006345f4c5d7caee9a0ab3ea05d87e675aaea766694
    .claude/skills/apple-crash-symbolication/scripts/Symbolicate-Crash.ps1: sha256:5dd9ffdd9097adf7c104b504ced59e31514202ead8a8c22f5744ee3a0bbc3019
    .claude/skills/clr-activation-debugging/SKILL.md: sha256:84db80e2fed910551267c5ed7ed29b3829849e394ed09fecfde4f4aebfc8fcf4
    .claude/skills/clr-activation-debugging/references/activation-flow.md: sha256:04d748a40788aa47dd7bb325f682615486da71812b3a80b9a6403ce97eca4d9f
    .claude/skills/clr-activation-debugging/references/com-activation.md: sha256:3da57d54a8f6dd85bfb9e2a3b617fa5521e6551b7187bfc3bac73f71c1b6c9bc
    .claude/skills/clr-activation-debugging/references/log-format.md: sha256:f594da621cd46f457a93aebc5273ed2e102730a03086eb9cb0cb96e07e2e8472
    .claude/skills/dotnet-trace-collect/SKILL.md: sha256:a701fd47f61e196b456cea55699d2e523cc8fc37f382e53d241c153b1c21a494
    .claude/skills/dotnet-trace-collect/references/dotnet-monitor.md: sha256:726655946aac6f654c58cb3a92e37b9e1b0b4b7c2d990cd9bdfd1e54912882dd
    .claude/skills/dotnet-trace-collect/references/dotnet-trace-collect-linux.md: sha256:fcb65d649219958c61e6070f4278caaac07e75a418328976bed7bddc77ef24af
    .claude/skills/dotnet-trace-collect/references/dotnet-trace-collect.md: sha256:c47af38a982c1184cf43eafed795260c9872a85f09718d7b51095b7f22afbe6d
    .claude/skills/dotnet-trace-collect/references/perfcollect.md: sha256:5b5de0486d84ff2e1b86be7de04631a2a3b32d55ca0bb2a3c2c636c0d167943a
    .claude/skills/dotnet-trace-collect/references/perfview.md: sha256:c8018e9f1844fa854d971f0d1d75e61887e9ebd5ca97def209650ac634626813
    .claude/skills/dump-collect/SKILL.md: sha256:d00af814b354faae10cd78fedf7c94a78de6e64f04d4c15703b8fbac5e08e2e2
    .claude/skills/dump-collect/references/container-dumps.md: sha256:e8f1bad53e928efa41caa6855b7022062e30f11b96fdf9ded37526e03b86f5e3
    .claude/skills/dump-collect/references/coreclr-dumps.md: sha256:180c6b4ab82f2d27b85b751e309bf0aa445fde68ddc0c6a507b51999f02cf195
    .claude/skills/dump-collect/references/nativeaot-dumps.md: sha256:63bda7821ce96ad27e343b93fdf46eb31d2209ba66c387f669062909e3d532a0
    .claude/skills/microbenchmarking/SKILL.md: sha256:64dab692a441a8af87b40cda1f3c2c9e5046551446fdea55d2801eaabb34785e
    .claude/skills/microbenchmarking/references/bdn-internals-and-tuning.md: sha256:213842a5ced85bbdd5db4d7f6de4c3bdd231367b292f7c994a504960e32c83f0
    .claude/skills/microbenchmarking/references/comparison-strategies.md: sha256:cdbc8e7d4b9b2c9eeb1dbc1a7ceaee5b3cb453d041211bf30fc93b150c4fecf7
    .claude/skills/microbenchmarking/references/diagnosers-and-exporters.md: sha256:9410eb556b83af2a63bdb593a791077a4a070210df569887f6265d9ecd825b14
    .claude/skills/microbenchmarking/references/project-setup-and-running.md: sha256:dd6866d218be83e84e772b9bda17d1d8261da4a8318d6b098faffe71b95bfcdf
    .claude/skills/microbenchmarking/references/writing-benchmarks.md: sha256:00279137333ae46cec081a3b85d53858cec9a7565beddf902e15a6f7abe81f09
  content_hash: sha256:77664d4df12860e0e08d7a2370dc2c9adf9dfa261c3228a9907f4d9f0f5ae94a
  discovered_via: awesome-copilot
  marketplace_plugin_name: dotnet-diag
- repo_url: dotnet/skills
  host: github.com
  resolved_commit: 11c5dfc7380ac6a1ac45dd94939fd84d486c3ea7
  virtual_path: plugins/dotnet-test
  is_virtual: true
  package_type: marketplace_plugin
  deployed_files:
  - .claude/agents/code-testing-builder.md
  - .claude/agents/code-testing-fixer.md
  - .claude/agents/code-testing-generator.md
  - .claude/agents/code-testing-implementer.md
  - .claude/agents/code-testing-linter.md
  - .claude/agents/code-testing-planner.md
  - .claude/agents/code-testing-researcher.md
  - .claude/agents/code-testing-tester.md
  - .claude/agents/test-quality-auditor.md
  - .claude/agents/testability-migration.md
  - .claude/skills/assertion-quality
  - .claude/skills/assertion-quality/SKILL.md
  - .claude/skills/code-testing-agent
  - .claude/skills/code-testing-agent/SKILL.md
  - .claude/skills/code-testing-agent/unit-test-generation.prompt.md
  - .claude/skills/code-testing-extensions
  - .claude/skills/code-testing-extensions/SKILL.md
  - .claude/skills/code-testing-extensions/extensions/cpp-examples.md
  - .claude/skills/code-testing-extensions/extensions/cpp.md
  - .claude/skills/code-testing-extensions/extensions/dotnet-examples.md
  - .claude/skills/code-testing-extensions/extensions/dotnet.md
  - .claude/skills/code-testing-extensions/extensions/go-examples.md
  - .claude/skills/code-testing-extensions/extensions/go.md
  - .claude/skills/code-testing-extensions/extensions/java-examples.md
  - .claude/skills/code-testing-extensions/extensions/java.md
  - .claude/skills/code-testing-extensions/extensions/kotlin-examples.md
  - .claude/skills/code-testing-extensions/extensions/kotlin.md
  - .claude/skills/code-testing-extensions/extensions/powershell-examples.md
  - .claude/skills/code-testing-extensions/extensions/powershell.md
  - .claude/skills/code-testing-extensions/extensions/python-examples.md
  - .claude/skills/code-testing-extensions/extensions/python.md
  - .claude/skills/code-testing-extensions/extensions/ruby-examples.md
  - .claude/skills/code-testing-extensions/extensions/ruby.md
  - .claude/skills/code-testing-extensions/extensions/rust-examples.md
  - .claude/skills/code-testing-extensions/extensions/rust.md
  - .claude/skills/code-testing-extensions/extensions/swift.md
  - .claude/skills/code-testing-extensions/extensions/typescript-examples.md
  - .claude/skills/code-testing-extensions/extensions/typescript.md
  - .claude/skills/coverage-analysis
  - .claude/skills/coverage-analysis/SKILL.md
  - .claude/skills/coverage-analysis/references/guidelines.md
  - .claude/skills/coverage-analysis/references/output-format.md
  - .claude/skills/coverage-analysis/scripts/Compute-CrapScores.ps1
  - .claude/skills/coverage-analysis/scripts/Extract-MethodCoverage.ps1
  - .claude/skills/crap-score
  - .claude/skills/crap-score/SKILL.md
  - .claude/skills/detect-static-dependencies
  - .claude/skills/detect-static-dependencies/SKILL.md
  - .claude/skills/dotnet-test-frameworks
  - .claude/skills/dotnet-test-frameworks/SKILL.md
  - .claude/skills/filter-syntax
  - .claude/skills/filter-syntax/SKILL.md
  - .claude/skills/find-untested-sources
  - .claude/skills/find-untested-sources/SKILL.md
  - .claude/skills/find-untested-sources/scripts/Find-UntestedSources.cs
  - .claude/skills/find-untested-sources/scripts/find_untested_sources.py
  - .claude/skills/generate-testability-wrappers
  - .claude/skills/generate-testability-wrappers/SKILL.md
  - .claude/skills/grade-tests
  - .claude/skills/grade-tests/SKILL.md
  - .claude/skills/migrate-static-to-wrapper
  - .claude/skills/migrate-static-to-wrapper/SKILL.md
  - .claude/skills/mtp-hot-reload
  - .claude/skills/mtp-hot-reload/SKILL.md
  - .claude/skills/platform-detection
  - .claude/skills/platform-detection/SKILL.md
  - .claude/skills/run-tests
  - .claude/skills/run-tests/SKILL.md
  - .claude/skills/test-analysis-extensions
  - .claude/skills/test-analysis-extensions/SKILL.md
  - .claude/skills/test-analysis-extensions/extensions/cpp.md
  - .claude/skills/test-analysis-extensions/extensions/dotnet.md
  - .claude/skills/test-analysis-extensions/extensions/go.md
  - .claude/skills/test-analysis-extensions/extensions/java.md
  - .claude/skills/test-analysis-extensions/extensions/kotlin.md
  - .claude/skills/test-analysis-extensions/extensions/powershell.md
  - .claude/skills/test-analysis-extensions/extensions/python.md
  - .claude/skills/test-analysis-extensions/extensions/ruby.md
  - .claude/skills/test-analysis-extensions/extensions/rust.md
  - .claude/skills/test-analysis-extensions/extensions/swift.md
  - .claude/skills/test-analysis-extensions/extensions/typescript.md
  - .claude/skills/test-anti-patterns
  - .claude/skills/test-anti-patterns/SKILL.md
  - .claude/skills/test-gap-analysis
  - .claude/skills/test-gap-analysis/SKILL.md
  - .claude/skills/test-smell-detection
  - .claude/skills/test-smell-detection/SKILL.md
  - .claude/skills/test-smell-detection/references/test-smell-catalog.md
  - .claude/skills/test-tagging
  - .claude/skills/test-tagging/SKILL.md
  - .claude/skills/writing-mstest-tests
  - .claude/skills/writing-mstest-tests/SKILL.md
  deployed_file_hashes:
    .claude/agents/code-testing-builder.md: sha256:4caf996507502b260afddee4b36062691c00cb6111ccf1cedb12b0ca8ac9681e
    .claude/agents/code-testing-fixer.md: sha256:63f6b83e5affdc405db369663e6da5245ec502d6d93826bd1263919e7b3d4374
    .claude/agents/code-testing-generator.md: sha256:fc7f96ddbd66398dc2e94950a01a038d953d2ccb91e08ee171d0f998a34f212f
    .claude/agents/code-testing-implementer.md: sha256:f3067c730e166a582f834968a2bc042a45a6efd7d38ea753ae3d65a34e112891
    .claude/agents/code-testing-linter.md: sha256:81ce088dce035d6314e3447c423fe9798144ae612bac0cba7bcf5bee90baa1c5
    .claude/agents/code-testing-planner.md: sha256:a4dd6bd81c08fc662cab8e1a755d6fde3b11a1de95d3af5e0bc6a7677aeb92b1
    .claude/agents/code-testing-researcher.md: sha256:f1e5de26327ac923151e688faf9dc78dbed98880ff790c78ea36f3bd3f4edd97
    .claude/agents/code-testing-tester.md: sha256:41efd087a3f742ff64bf7a2181548430c2662f3a2b3bef92aa906e7e6ec24313
    .claude/agents/test-quality-auditor.md: sha256:180b6f070f73dd87bbbc233e7c08bb6e8a164a85c3494016ecca025df71ff312
    .claude/agents/testability-migration.md: sha256:cad6dd9a0ef2ee4a3062e33c428a8fa42e6442999f1e107b9e3c9a4a228bbfe6
    .claude/skills/assertion-quality/SKILL.md: sha256:755d43958d091c19cd0482130f69eb527285834ccaa4b42023786cea0c64b54a
    .claude/skills/code-testing-agent/SKILL.md: sha256:975ba31f4330f249e0701ccb05ea0d8c62a003a38f7987856d51e3ff051677a9
    .claude/skills/code-testing-agent/unit-test-generation.prompt.md: sha256:e7b84df89ffec5ca88f9de0f6ee1056c2806c2a567b203fe4e077d212d89fe06
    .claude/skills/code-testing-extensions/SKILL.md: sha256:211d1cdfc77a36bee0f2d2ee9095689899bceebe6adc5bfedcb8b5de5fa7fb47
    .claude/skills/code-testing-extensions/extensions/cpp-examples.md: sha256:68a46d9304efc0120c35eea73d5155dd21ccc84eb5dc8461118fe37289d6c1fc
    .claude/skills/code-testing-extensions/extensions/cpp.md: sha256:9a2d89347ab8c5a02a32ae2feb60d7e9cf0094f7417d129f676c8e0933090f2a
    .claude/skills/code-testing-extensions/extensions/dotnet-examples.md: sha256:034c4683312db43fbd4c6355c2006af054f740015b1483815b74cbfa07d82c11
    .claude/skills/code-testing-extensions/extensions/dotnet.md: sha256:35e4a548d535729a433426c6b0c472ba56c721d43aa85cb156e56d30739c88c9
    .claude/skills/code-testing-extensions/extensions/go-examples.md: sha256:4815e383e0b068e63bcbacc88cc6a6b5ee19823843da973e232e44596335e629
    .claude/skills/code-testing-extensions/extensions/go.md: sha256:4024cdf22cc092cb120406a74c49e58ab5af4802fa446e12416f399df7a94807
    .claude/skills/code-testing-extensions/extensions/java-examples.md: sha256:cdfcc33e33c21d0c1bee85c032f06065edb002e6e24992cd4c29078263645b47
    .claude/skills/code-testing-extensions/extensions/java.md: sha256:25b32c779b49e17dff4cbb44fa3003cd33edba27592a9f1d0ab28c135eb04125
    .claude/skills/code-testing-extensions/extensions/kotlin-examples.md: sha256:a02cae6ec0a133ad12039f4cd616ed3b5cb9e4d34b12a803a98fccb2c603f739
    .claude/skills/code-testing-extensions/extensions/kotlin.md: sha256:7553070dbf0254c1bb91c293ae8ce4313a68450cf1a451975d9f92d5367eb906
    .claude/skills/code-testing-extensions/extensions/powershell-examples.md: sha256:c526ce52c4f7451f37d122a284e55a01dd4db986a6f49c64111b3918ba536725
    .claude/skills/code-testing-extensions/extensions/powershell.md: sha256:90dd9616f65be68c63ce0a3c50a974f6aa53ad0cbeffe379a3c8309252f03715
    .claude/skills/code-testing-extensions/extensions/python-examples.md: sha256:93301c314fc5ea903d42fd6a697d0e0fa9e1469460ff8581f5a787ee6bce5746
    .claude/skills/code-testing-extensions/extensions/python.md: sha256:299b75668830dbe88747bff89355d825d7508f82937a87a3ed8d6953032efa96
    .claude/skills/code-testing-extensions/extensions/ruby-examples.md: sha256:bc9d746417daa759f18cf0767beee969ce72f95cc41f29a0b7f4cc80fdd89563
    .claude/skills/code-testing-extensions/extensions/ruby.md: sha256:9d6cc5ed7ba9269d259c39fa9754cfc93d496b5fd3abcf81bd91833a27268bbe
    .claude/skills/code-testing-extensions/extensions/rust-examples.md: sha256:f8b46a1047ad2a8f06c4d0242d67c033064b7226d39821aa6240b60813ed009f
    .claude/skills/code-testing-extensions/extensions/rust.md: sha256:6228a43826eb47112bee333ba34ebbb692770907da235af20296d8938e96ceea
    .claude/skills/code-testing-extensions/extensions/swift.md: sha256:6765fb1f54ffbe34ecd25099ea5c735bae1c2f8f93bb7ac21d3b1fa0821d2adb
    .claude/skills/code-testing-extensions/extensions/typescript-examples.md: sha256:b2178b3c89a456ef06d9dbb317602b4a266a0fd93300c07647eb4eb9fd3ea0c5
    .claude/skills/code-testing-extensions/extensions/typescript.md: sha256:011f96ef5cfc6d9d334ac1e8d32f322d1b31de9e716e6ec8e0400dd228020d49
    .claude/skills/coverage-analysis/SKILL.md: sha256:9b7714ede78411831bc2a4f6cd0eeddd8f34512206a9cfc57267cc218464c27e
    .claude/skills/coverage-analysis/references/guidelines.md: sha256:8e7bced5e4deb5e11b008f1d6f8ee69bd5f9a2bb743c9ccceb75f54a7f2790f1
    .claude/skills/coverage-analysis/references/output-format.md: sha256:f2328f0250002c25276f51373ab3b935b15b41be09c161db02d3e22316ad78c4
    .claude/skills/coverage-analysis/scripts/Compute-CrapScores.ps1: sha256:5c43c1dedbd464500eab3380cf142176bd288d8652ae0aeba45d7fedf830f526
    .claude/skills/coverage-analysis/scripts/Extract-MethodCoverage.ps1: sha256:37b3c6377dd5f654f2a0b88ceaeb4c77d8798134cbb0c9584532e7b2835f6f5b
    .claude/skills/crap-score/SKILL.md: sha256:0be501bff5042394d5b8388ce3cff8582d429ba83009d81bba5d6799df12ad45
    .claude/skills/detect-static-dependencies/SKILL.md: sha256:eefe4323542ea7c73d9d0ae6a650d095d546881eb3b0a8c56c99a8477f536ed8
    .claude/skills/dotnet-test-frameworks/SKILL.md: sha256:9de2f755d7783774ae6765e17d165b3a3339fc568c6b90bc2f9313b5b3e93696
    .claude/skills/filter-syntax/SKILL.md: sha256:ab2c30569d6c859e0f340880c7182ab87c4fe108fa65f618815d3ac85aedee52
    .claude/skills/find-untested-sources/SKILL.md: sha256:403c2a56c0e8b2767e3e4fb33d0f50c0cbdda24f273a801035acf11293fb4af8
    .claude/skills/find-untested-sources/scripts/Find-UntestedSources.cs: sha256:b6f01c528bcfbeae5f4a88c5953ece8274850c902b90f9a591b4e62ed6161e70
    .claude/skills/find-untested-sources/scripts/find_untested_sources.py: sha256:231dc55cd7558f54d09b292396370cb25f2430501bfb063266c62609ae55715f
    .claude/skills/generate-testability-wrappers/SKILL.md: sha256:4f384af7dcfaf1b9ac1eda1df8bc708db703734636bbc58f5f3f33bbbf8c29b6
    .claude/skills/grade-tests/SKILL.md: sha256:c42c8a98e2995d3487da4e151b58691fed16ac8ed1840c5b39bb2819b1a41516
    .claude/skills/migrate-static-to-wrapper/SKILL.md: sha256:63a9905eb11213f75f64aee930e2d2a131fd92be7b7913d01962070cce223bb8
    .claude/skills/mtp-hot-reload/SKILL.md: sha256:2779894f8761a1b465f57b3fd81f13db5fab5516765ef8df246a99df151203a3
    .claude/skills/platform-detection/SKILL.md: sha256:53fbe0c99edcd7c8366293826b2624bcd8ed22af4a4eb4a1529698f5db25e2b7
    .claude/skills/run-tests/SKILL.md: sha256:079570c1f0264110547764b31b30d95d50daf1251350e53c7e050c0e4b3fdcc9
    .claude/skills/test-analysis-extensions/SKILL.md: sha256:ec6f69ed00a627c0319a2bbdcfd71fcfab84eaae28900b2f814af3b27e44bd70
    .claude/skills/test-analysis-extensions/extensions/cpp.md: sha256:da2de0bb820edaf523731bf36381d2a7e71009561072204773be548e43911d50
    .claude/skills/test-analysis-extensions/extensions/dotnet.md: sha256:596126bbb9757d75827710ed7a3125e10122cf81a0ea079ac9a278706d2dfdf5
    .claude/skills/test-analysis-extensions/extensions/go.md: sha256:a885da2e49efbedfe30307c196ec71876433571ce3e5c781e6741ee9a77ab8c3
    .claude/skills/test-analysis-extensions/extensions/java.md: sha256:05f3bd254cad71e2b4ac36a3483e2a8fef41dba0ac6a983925754b60bc50758b
    .claude/skills/test-analysis-extensions/extensions/kotlin.md: sha256:ef1176cc48c807bfb6e57329df6ee093f6e2475cd629980ffc477d85d879605c
    .claude/skills/test-analysis-extensions/extensions/powershell.md: sha256:2dbbac3f475b7f7f4f817597379789af228e034d4c179460403757af26240f9b
    .claude/skills/test-analysis-extensions/extensions/python.md: sha256:e532c6eb1d362e8c0a14b90cb906a84449f0a03330ff432a72d484c79ece0e5d
    .claude/skills/test-analysis-extensions/extensions/ruby.md: sha256:422044981b8672c26f6c47ac9f828aa25f03eac5cc0c9a2354843a6980a297bc
    .claude/skills/test-analysis-extensions/extensions/rust.md: sha256:d92041fc8142311070e9c02a5590ac9d10eef0baa4aa9136e163e2c526871725
    .claude/skills/test-analysis-extensions/extensions/swift.md: sha256:41f4b7c9b8827de0737778ca24de5de26ccd1a3f5ff58d6f58a135fc576c4c52
    .claude/skills/test-analysis-extensions/extensions/typescript.md: sha256:7dd98060c3941ec791f1128ef67d77cad2733ee8381e39f14ccdc19ad48f90ef
    .claude/skills/test-anti-patterns/SKILL.md: sha256:fc56af3763c2f2384453edf58a96f8c186dc391fc887bd75210cd16520207374
    .claude/skills/test-gap-analysis/SKILL.md: sha256:3a0a70911a37f680eb7ad7926b65be071cc1657a96900c91e0fa189e02b78b4a
    .claude/skills/test-smell-detection/SKILL.md: sha256:d5597861bb37d83743d2e97a6909139429524cccf37aabd61988f9d5a9840733
    .claude/skills/test-smell-detection/references/test-smell-catalog.md: sha256:001e04c54d73940df65090c6915e87b07aac8cddcc26be139c7d9770dc0a8b99
    .claude/skills/test-tagging/SKILL.md: sha256:874745af561a9b04b67f19adf587cb3b58f60d0e186345f1c799dfa23cf589e0
    .claude/skills/writing-mstest-tests/SKILL.md: sha256:be9f5e5caf3e4c3b7b09478e55d01aaccce2fcd59198c11ca9386b3db9cd678b
  content_hash: sha256:565dc32a5da9228ad15a314737d7d9c895e9e2dc2a8e9bab205cd41b5f081680
  discovered_via: awesome-copilot
  marketplace_plugin_name: dotnet-test
- repo_url: github/awesome-copilot
  host: github.com
  resolved_commit: cd420ca862a301755a32ed76d53611bd5e04de30
  virtual_path: plugins/csharp-dotnet-development
  is_virtual: true
  package_type: marketplace_plugin
  content_hash: sha256:0706cc9d71bb2a933988feec5763eb781e2e2cc011c91c5624604cbe0503eb74
  discovered_via: awesome-copilot
  marketplace_plugin_name: csharp-dotnet-development
  declared_license: MIT
- repo_url: github/awesome-copilot
  host: github.com
  resolved_commit: cd420ca862a301755a32ed76d53611bd5e04de30
  virtual_path: plugins/frontend-web-dev
  is_virtual: true
  package_type: marketplace_plugin
  content_hash: sha256:3301f61300e73f3f0fab5af0df143971d9d2330befcf7373c6b1799f5543013a
  discovered_via: awesome-copilot
  marketplace_plugin_name: frontend-web-dev
  declared_license: MIT
